
Microsoft Visual Studio Solution File, Format Version 12.00
# Visual Studio Version 16
VisualStudioVersion = 16.0.29613.14
MinimumVisualStudioVersion = 10.0.40219.1
Project("{FAE04EC0-301F-11D3-BF4B-00C04F79EFBC}") = "Flight", "Flight.csproj", "{1B128DD6-1D9A-42E6-BCCF-D3638FC6F90C}"
EndProject
Global
	GlobalSection(SolutionConfigurationPlatforms) = preSolution
		Debug|Any CPU = Debug|Any CPU
		Release|Any CPU = Release|Any CPU
	EndGlobalSection
	GlobalSection(ProjectConfigurationPlatforms) = postSolution
		{1B128DD6-1D9A-42E6-BCCF-D3638FC6F90C}.Debug|Any CPU.ActiveCfg = Debug|Any CPU
		{1B128DD6-1D9A-42E6-BCCF-D3638FC6F90C}.Debug|Any CPU.Build.0 = Debug|Any CPU
		{1B128DD6-1D9A-42E6-BCCF-D3638FC6F90C}.Release|Any CPU.ActiveCfg = Release|Any CPU
		{1B128DD6-1D9A-42E6-BCCF-D3638FC6F90C}.Release|Any CPU.Build.0 = Release|Any CPU
	EndGlobalSection
	GlobalSection(SolutionProperties) = preSolution
		HideSolutionNode = FALSE
	EndGlobalSection
	GlobalSection(ExtensibilityGlobals) = postSolution
		SolutionGuid = {BD499AA1-78B5-4988-9AFA-61F128207B14}
	EndGlobalSection
EndGlobal
